<?xml version="1.0" encoding="utf-8"?>
<Project ToolsVersion="4.0" xmlns="http://schemas.microsoft.com/developer/msbuild/2003">
  <ItemGroup>
    <Filter Include="リソース ファイル">
      <UniqueIdentifier>{67DA6AB6-F800-4c08-8B7A-83BB121AAD01}</UniqueIdentifier>
      <Extensions>rc;ico;cur;bmp;dlg;rc2;rct;bin;rgs;gif;jpg;jpeg;jpe;resx;tiff;tif;png;wav;mfcribbon-ms</Extensions>
    </Filter>
    <Filter Include="Inc">
      <UniqueIdentifier>{8025cbd3-c156-4d03-9377-5ece086e4566}</UniqueIdentifier>
    </Filter>
    <Filter Include="Src">
      <UniqueIdentifier>{ea8ce512-8156-4fd9-9de9-f8e21d4b6574}</UniqueIdentifier>
    </Filter>
  </ItemGroup>
  <ItemGroup>
    <None Include="packages.config" />
  </ItemGroup>
  <ItemGroup>
    <ClCompile Include="Src\HLAudio.cpp">
      <Filter>Src</Filter>
    </ClCompile>
    <ClCompile Include="Src\HLCommon.cpp">
      <Filter>Src</Filter>
    </ClCompile>
    <ClCompile Include="Src\HLDirect3D.cpp">
      <Filter>Src</Filter>
    </ClCompile>
    <ClCompile Include="Src\HLFrameRate.cpp">
      <Filter>Src</Filter>
    </ClCompile>
    <ClCompile Include="Src\HLInput.cpp">
      <Filter>Src</Filter>
    </ClCompile>
    <ClCompile Include="Src\HLModel.cpp">
      <Filter>Src</Filter>
    </ClCompile>
    <ClCompile Include="Src\HLSprite.cpp">
      <Filter>Src</Filter>
    </ClCompile>
    <ClCompile Include="Src\HLTexture.cpp">
      <Filter>Src</Filter>
    </ClCompile>
    <ClCompile Include="Inc\HirakawaLib.cpp">
      <Filter>Inc</Filter>
    </ClCompile>
  </ItemGroup>
  <ItemGroup>
    <ClInclude Include="Src\HLAudio.h">
      <Filter>Src</Filter>
    </ClInclude>
    <ClInclude Include="Src\HLCommon.h">
      <Filter>Src</Filter>
    </ClInclude>
    <ClInclude Include="Src\HLDirect3D.h">
      <Filter>Src</Filter>
    </ClInclude>
    <ClInclude Include="Src\HLFrameRate.h">
      <Filter>Src</Filter>
    </ClInclude>
    <ClInclude Include="Src\HLInput.h">
      <Filter>Src</Filter>
    </ClInclude>
    <ClInclude Include="Src\HLModel.h">
      <Filter>Src</Filter>
    </ClInclude>
    <ClInclude Include="Src\HLSprite.h">
      <Filter>Src</Filter>
    </ClInclude>
    <ClInclude Include="Src\HLTexture.h">
      <Filter>Src</Filter>
    </ClInclude>
    <ClInclude Include="Inc\HirakawaLib.h">
      <Filter>Inc</Filter>
    </ClInclude>
  </ItemGroup>
</Project>